
Microsoft Visual Studio Solution File, Format Version 12.00
# Visual Studio Version 17
VisualStudioVersion = 17.2.32526.322
MinimumVisualStudioVersion = 10.0.40219.1
Project("{9A19103F-16F7-4668-BE54-9A1E7A4F7556}") = "01.Counter_Strike", "01.Counter-Strike\01.Counter_Strike.csproj", "{08635186-15C0-4FE4-B671-9B6E8671B46F}"
EndProject
Project("{FAE04EC0-301F-11D3-BF4B-00C04F79EFBC}") = "02.ShootForTheWin", "02.ShootForTheWin\02.ShootForTheWin.csproj", "{AB0E5B1E-09D8-4662-BFDD-865615478CE0}"
EndProject
Project("{FAE04EC0-301F-11D3-BF4B-00C04F79EFBC}") = "03.MovingTarget", "03.MovingTarget\03.MovingTarget.csproj", "{ED3CA12C-3006-4DFF-88EE-D0A391F42378}"
EndProject
Global
	GlobalSection(SolutionConfigurationPlatforms) = preSolution
		Debug|Any CPU = Debug|Any CPU
		Release|Any CPU = Release|Any CPU
	EndGlobalSection
	GlobalSection(ProjectConfigurationPlatforms) = postSolution
		{08635186-15C0-4FE4-B671-9B6E8671B46F}.Debug|Any CPU.ActiveCfg = Debug|Any CPU
		{08635186-15C0-4FE4-B671-9B6E8671B46F}.Debug|Any CPU.Build.0 = Debug|Any CPU
		{08635186-15C0-4FE4-B671-9B6E8671B46F}.Release|Any CPU.ActiveCfg = Release|Any CPU
		{08635186-15C0-4FE4-B671-9B6E8671B46F}.Release|Any CPU.Build.0 = Release|Any CPU
		{AB0E5B1E-09D8-4662-BFDD-865615478CE0}.Debug|Any CPU.ActiveCfg = Debug|Any CPU
		{AB0E5B1E-09D8-4662-BFDD-865615478CE0}.Debug|Any CPU.Build.0 = Debug|Any CPU
		{AB0E5B1E-09D8-4662-BFDD-865615478CE0}.Release|Any CPU.ActiveCfg = Release|Any CPU
		{AB0E5B1E-09D8-4662-BFDD-865615478CE0}.Release|Any CPU.Build.0 = Release|Any CPU
		{ED3CA12C-3006-4DFF-88EE-D0A391F42378}.Debug|Any CPU.ActiveCfg = Debug|Any CPU
		{ED3CA12C-3006-4DFF-88EE-D0A391F42378}.Debug|Any CPU.Build.0 = Debug|Any CPU
		{ED3CA12C-3006-4DFF-88EE-D0A391F42378}.Release|Any CPU.ActiveCfg = Release|Any CPU
		{ED3CA12C-3006-4DFF-88EE-D0A391F42378}.Release|Any CPU.Build.0 = Release|Any CPU
	EndGlobalSection
	GlobalSection(SolutionProperties) = preSolution
		HideSolutionNode = FALSE
	EndGlobalSection
	GlobalSection(ExtensibilityGlobals) = postSolution
		SolutionGuid = {6F0923B0-D053-4EEF-9B81-3AAC4DF25757}
	EndGlobalSection
EndGlobal
