
Microsoft Visual Studio Solution File, Format Version 12.00
# Visual Studio Version 17
VisualStudioVersion = 17.2.32630.192
MinimumVisualStudioVersion = 10.0.40219.1
Project("{FAE04EC0-301F-11D3-BF4B-00C04F79EFBC}") = "01.SecretChat", "01.SecretChat\01.SecretChat.csproj", "{A452D495-ABB6-412C-BF50-AFBDF7003D1C}"
EndProject
Project("{FAE04EC0-301F-11D3-BF4B-00C04F79EFBC}") = "02.MirrorWords", "02.MirrorWords\02.MirrorWords.csproj", "{F27EF808-9FE5-43A9-9D46-A367854CFC50}"
EndProject
Project("{FAE04EC0-301F-11D3-BF4B-00C04F79EFBC}") = "03.NeedForSpeedIII", "03.NeedForSpeedIII\03.NeedForSpeedIII.csproj", "{C53CF4D9-F3C2-48DD-B91F-CE8912F78E4A}"
EndProject
Global
	GlobalSection(SolutionConfigurationPlatforms) = preSolution
		Debug|Any CPU = Debug|Any CPU
		Release|Any CPU = Release|Any CPU
	EndGlobalSection
	GlobalSection(ProjectConfigurationPlatforms) = postSolution
		{A452D495-ABB6-412C-BF50-AFBDF7003D1C}.Debug|Any CPU.ActiveCfg = Debug|Any CPU
		{A452D495-ABB6-412C-BF50-AFBDF7003D1C}.Debug|Any CPU.Build.0 = Debug|Any CPU
		{A452D495-ABB6-412C-BF50-AFBDF7003D1C}.Release|Any CPU.ActiveCfg = Release|Any CPU
		{A452D495-ABB6-412C-BF50-AFBDF7003D1C}.Release|Any CPU.Build.0 = Release|Any CPU
		{F27EF808-9FE5-43A9-9D46-A367854CFC50}.Debug|Any CPU.ActiveCfg = Debug|Any CPU
		{F27EF808-9FE5-43A9-9D46-A367854CFC50}.Debug|Any CPU.Build.0 = Debug|Any CPU
		{F27EF808-9FE5-43A9-9D46-A367854CFC50}.Release|Any CPU.ActiveCfg = Release|Any CPU
		{F27EF808-9FE5-43A9-9D46-A367854CFC50}.Release|Any CPU.Build.0 = Release|Any CPU
		{C53CF4D9-F3C2-48DD-B91F-CE8912F78E4A}.Debug|Any CPU.ActiveCfg = Debug|Any CPU
		{C53CF4D9-F3C2-48DD-B91F-CE8912F78E4A}.Debug|Any CPU.Build.0 = Debug|Any CPU
		{C53CF4D9-F3C2-48DD-B91F-CE8912F78E4A}.Release|Any CPU.ActiveCfg = Release|Any CPU
		{C53CF4D9-F3C2-48DD-B91F-CE8912F78E4A}.Release|Any CPU.Build.0 = Release|Any CPU
	EndGlobalSection
	GlobalSection(SolutionProperties) = preSolution
		HideSolutionNode = FALSE
	EndGlobalSection
	GlobalSection(ExtensibilityGlobals) = postSolution
		SolutionGuid = {86CF4E52-0449-414A-99F7-D690ED337B56}
	EndGlobalSection
EndGlobal
